
Microsoft Visual Studio Solution File, Format Version 12.00
# Visual Studio Version 16
VisualStudioVersion = 16.0.30907.101
MinimumVisualStudioVersion = 10.0.40219.1
Project("{FAE04EC0-301F-11D3-BF4B-00C04F79EFBC}") = "WebAPI", "WebAPI\WebAPI.csproj", "{AE734F1D-351B-4D52-B262-9970EFDC29EA}"
EndProject
Global
	GlobalSection(SolutionConfigurationPlatforms) = preSolution
		Debug|Any CPU = Debug|Any CPU
		Release|Any CPU = Release|Any CPU
	EndGlobalSection
	GlobalSection(ProjectConfigurationPlatforms) = postSolution
		{AE734F1D-351B-4D52-B262-9970EFDC29EA}.Debug|Any CPU.ActiveCfg = Debug|Any CPU
		{AE734F1D-351B-4D52-B262-9970EFDC29EA}.Debug|Any CPU.Build.0 = Debug|Any CPU
		{AE734F1D-351B-4D52-B262-9970EFDC29EA}.Release|Any CPU.ActiveCfg = Release|Any CPU
		{AE734F1D-351B-4D52-B262-9970EFDC29EA}.Release|Any CPU.Build.0 = Release|Any CPU
	EndGlobalSection
	GlobalSection(SolutionProperties) = preSolution
		HideSolutionNode = FALSE
	EndGlobalSection
	GlobalSection(ExtensibilityGlobals) = postSolution
		SolutionGuid = {1252B0D6-58B0-44E4-8DB6-B3E585A5CA4E}
	EndGlobalSection
EndGlobal
